{
  "name": "intel-view-server",
  "version": "5.2.0",
  "dependencies": {
    "ansi-regex": {
      "version": "2.0.0",
      "from": "ansi-regex@>=2.0.0 <3.0.0",
      "resolved": "https://ubit-artifactory-or.intel.com/artifactory/api/npm/iml-npm-repos/ansi-regex/-/ansi-regex-2.0.0.tgz"
    },
    "async": {
      "version": "1.5.2",
      "from": "async@>=1.4.0 <2.0.0",
      "resolved": "https://ubit-artifactory-or.intel.com/artifactory/api/npm/iml-npm-repos/async/-/async-1.5.2.tgz"
    },
    "balanced-match": {
      "version": "0.3.0",
      "from": "balanced-match@>=0.3.0 <0.4.0",
      "resolved": "https://ubit-artifactory-or.intel.com/artifactory/api/npm/iml-npm-repos/balanced-match/-/balanced-match-0.3.0.tgz"
    },
    "bindings": {
      "version": "1.2.1",
      "from": "bindings@1.2.1",
      "resolved": "https://ubit-artifactory-or.intel.com/artifactory/api/npm/iml-npm-repos/bindings/-/bindings-1.2.1.tgz"
    },
    "brace-expansion": {
      "version": "1.1.3",
      "from": "brace-expansion@>=1.0.0 <2.0.0",
      "resolved": "https://ubit-artifactory-or.intel.com/artifactory/api/npm/iml-npm-repos/brace-expansion/-/brace-expansion-1.1.3.tgz"
    },
    "bunyan": {
      "version": "1.8.0",
      "from": "bunyan@1.8.0",
      "resolved": "https://ubit-artifactory-or.intel.com/artifactory/api/npm/iml-npm-repos/bunyan/-/bunyan-1.8.0.tgz"
    },
    "camelcase": {
      "version": "2.1.1",
      "from": "camelcase@>=2.0.1 <3.0.0",
      "resolved": "https://ubit-artifactory-or.intel.com/artifactory/api/npm/iml-npm-repos/camelcase/-/camelcase-2.1.1.tgz"
    },
    "cliui": {
      "version": "3.1.2",
      "from": "cliui@>=3.0.3 <4.0.0",
      "resolved": "https://ubit-artifactory-or.intel.com/artifactory/api/npm/iml-npm-repos/cliui/-/cliui-3.1.2.tgz"
    },
    "code-point-at": {
      "version": "1.0.0",
      "from": "code-point-at@>=1.0.0 <2.0.0",
      "resolved": "https://ubit-artifactory-or.intel.com/artifactory/api/npm/iml-npm-repos/code-point-at/-/code-point-at-1.0.0.tgz"
    },
    "concat-map": {
      "version": "0.0.1",
      "from": "concat-map@0.0.1",
      "resolved": "https://ubit-artifactory-or.intel.com/artifactory/api/npm/iml-npm-repos/concat-map/-/concat-map-0.0.1.tgz"
    },
    "decamelize": {
      "version": "1.2.0",
      "from": "decamelize@>=1.1.1 <2.0.0",
      "resolved": "https://ubit-artifactory-or.intel.com/artifactory/api/npm/iml-npm-repos/decamelize/-/decamelize-1.2.0.tgz"
    },
    "dtrace-provider": {
      "version": "0.6.0",
      "from": "dtrace-provider@>=0.6.0 <0.7.0",
      "resolved": "https://ubit-artifactory-or.intel.com/artifactory/api/npm/iml-npm-repos/dtrace-provider/-/dtrace-provider-0.6.0.tgz"
    },
    "glob": {
      "version": "6.0.4",
      "from": "glob@>=6.0.1 <7.0.0",
      "resolved": "https://ubit-artifactory-or.intel.com/artifactory/api/npm/iml-npm-repos/glob/-/glob-6.0.4.tgz"
    },
    "highland": {
      "version": "2.7.3",
      "from": "highland@2.7.3",
      "resolved": "https://ubit-artifactory-or.intel.com/artifactory/api/npm/iml-npm-repos/highland/-/highland-2.7.3.tgz"
    },
    "inflight": {
      "version": "1.0.4",
      "from": "inflight@>=1.0.4 <2.0.0",
      "resolved": "https://ubit-artifactory-or.intel.com/artifactory/api/npm/iml-npm-repos/inflight/-/inflight-1.0.4.tgz"
    },
    "inherits": {
      "version": "2.0.1",
      "from": "inherits@>=2.0.0 <3.0.0",
      "resolved": "https://ubit-artifactory-or.intel.com/artifactory/api/npm/iml-npm-repos/inherits/-/inherits-2.0.1.tgz"
    },
    "ini": {
      "version": "1.3.4",
      "from": "ini@>=1.3.0 <2.0.0",
      "resolved": "https://ubit-artifactory-or.intel.com/artifactory/api/npm/iml-npm-repos/ini/-/ini-1.3.4.tgz"
    },
    "intel-dirp": {
      "version": "1.0.5",
      "from": "intel-dirp@1.0.5",
      "resolved": "https://ubit-artifactory-or.intel.com/artifactory/api/npm/iml-npm-repos/intel-dirp/-/intel-dirp-1.0.5.tgz",
      "dependencies": {
        "intel-fp": {
          "version": "1.0.14",
          "from": "intel-fp@1.0.14",
          "resolved": "https://ubit-artifactory-or.intel.com/artifactory/api/npm/iml-npm-repos/intel-fp/-/intel-fp-1.0.14.tgz"
        }
      }
    },
    "intel-fp": {
      "version": "4.2.1",
      "from": "intel-fp@4.2.1",
      "resolved": "https://ubit-artifactory-or.intel.com/artifactory/api/npm/iml-npm-repos/intel-fp/-/intel-fp-4.2.1.tgz"
    },
    "intel-obj": {
      "version": "5.0.2",
      "from": "intel-obj@5.0.2",
      "resolved": "https://ubit-artifactory-or.intel.com/artifactory/api/npm/iml-npm-repos/intel-obj/-/intel-obj-5.0.2.tgz",
      "dependencies": {
        "intel-fp": {
          "version": "4.1.2",
          "from": "intel-fp@4.1.2",
          "resolved": "https://ubit-artifactory-or.intel.com/artifactory/api/npm/iml-npm-repos/intel-fp/-/intel-fp-4.1.2.tgz"
        }
      }
    },
    "intel-req": {
      "version": "2.0.0",
      "from": "intel-req@2.0.0",
      "resolved": "https://ubit-artifactory-or.intel.com/artifactory/api/npm/iml-npm-repos/intel-req/-/intel-req-2.0.0.tgz",
      "dependencies": {
        "highland": {
          "version": "2.7.1",
          "from": "highland@2.7.1",
          "resolved": "https://ubit-artifactory-or.intel.com/artifactory/api/npm/iml-npm-repos/highland/-/highland-2.7.1.tgz"
        },
        "intel-fp": {
          "version": "4.1.2",
          "from": "intel-fp@4.1.2",
          "resolved": "https://ubit-artifactory-or.intel.com/artifactory/api/npm/iml-npm-repos/intel-fp/-/intel-fp-4.1.2.tgz"
        }
      }
    },
    "intel-router": {
      "version": "3.0.4",
      "from": "intel-router@3.0.4",
      "resolved": "https://ubit-artifactory-or.intel.com/artifactory/api/npm/iml-npm-repos/intel-router/-/intel-router-3.0.4.tgz"
    },
    "intel-through": {
      "version": "1.0.8",
      "from": "intel-through@1.0.8",
      "resolved": "https://ubit-artifactory-or.intel.com/artifactory/api/npm/iml-npm-repos/intel-through/-/intel-through-1.0.8.tgz",
      "dependencies": {
        "highland": {
          "version": "2.5.1",
          "from": "highland@2.5.1",
          "resolved": "https://ubit-artifactory-or.intel.com/artifactory/api/npm/iml-npm-repos/highland/-/highland-2.5.1.tgz"
        },
        "intel-fp": {
          "version": "1.0.15",
          "from": "intel-fp@1.0.15",
          "resolved": "https://ubit-artifactory-or.intel.com/artifactory/api/npm/iml-npm-repos/intel-fp/-/intel-fp-1.0.15.tgz"
        },
        "intel-obj": {
          "version": "1.0.5",
          "from": "intel-obj@1.0.5",
          "resolved": "https://ubit-artifactory-or.intel.com/artifactory/api/npm/iml-npm-repos/intel-obj/-/intel-obj-1.0.5.tgz"
        }
      }
    },
    "intel-xml-2-json": {
      "version": "1.0.0",
      "from": "intel-xml-2-json@1.0.0",
      "resolved": "https://ubit-artifactory-or.intel.com/artifactory/api/npm/iml-npm-repos/intel-xml-2-json/-/intel-xml-2-json-1.0.0.tgz"
    },
    "invert-kv": {
      "version": "1.0.0",
      "from": "invert-kv@>=1.0.0 <2.0.0",
      "resolved": "https://ubit-artifactory-or.intel.com/artifactory/api/npm/iml-npm-repos/invert-kv/-/invert-kv-1.0.0.tgz"
    },
    "is-fullwidth-code-point": {
      "version": "1.0.0",
      "from": "is-fullwidth-code-point@>=1.0.0 <2.0.0",
      "resolved": "https://ubit-artifactory-or.intel.com/artifactory/api/npm/iml-npm-repos/is-fullwidth-code-point/-/is-fullwidth-code-point-1.0.0.tgz"
    },
    "isarray": {
      "version": "0.0.1",
      "from": "isarray@0.0.1",
      "resolved": "https://ubit-artifactory-or.intel.com/artifactory/api/npm/iml-npm-repos/isarray/-/isarray-0.0.1.tgz"
    },
    "json-mask": {
      "version": "0.3.5",
      "from": "json-mask@0.3.5",
      "resolved": "https://ubit-artifactory-or.intel.com/artifactory/api/npm/iml-npm-repos/json-mask/-/json-mask-0.3.5.tgz"
    },
    "lcid": {
      "version": "1.0.0",
      "from": "lcid@>=1.0.0 <2.0.0",
      "resolved": "https://ubit-artifactory-or.intel.com/artifactory/api/npm/iml-npm-repos/lcid/-/lcid-1.0.0.tgz"
    },
    "libxmljs": {
      "version": "0.17.1",
      "from": "libxmljs@0.17.1",
      "resolved": "https://ubit-artifactory-or.intel.com/artifactory/api/npm/iml-npm-repos/libxmljs/-/libxmljs-0.17.1.tgz",
      "dependencies": {
        "nan": {
          "version": "2.0.7",
          "from": "nan@2.0.7",
          "resolved": "https://ubit-artifactory-or.intel.com/artifactory/api/npm/iml-npm-repos/nan/-/nan-2.0.7.tgz"
        }
      }
    },
    "lodash": {
      "version": "3.10.1",
      "from": "lodash@3.10.1",
      "resolved": "https://ubit-artifactory-or.intel.com/artifactory/api/npm/iml-npm-repos/lodash/-/lodash-3.10.1.tgz"
    },
    "lodash._baseisequal": {
      "version": "3.0.7",
      "from": "lodash._baseisequal@>=3.0.0 <4.0.0",
      "resolved": "https://ubit-artifactory-or.intel.com/artifactory/api/npm/iml-npm-repos/lodash._baseisequal/-/lodash._baseisequal-3.0.7.tgz"
    },
    "lodash._bindcallback": {
      "version": "3.0.1",
      "from": "lodash._bindcallback@>=3.0.0 <4.0.0",
      "resolved": "https://ubit-artifactory-or.intel.com/artifactory/api/npm/iml-npm-repos/lodash._bindcallback/-/lodash._bindcallback-3.0.1.tgz"
    },
    "lodash._getnative": {
      "version": "3.9.1",
      "from": "lodash._getnative@>=3.0.0 <4.0.0",
      "resolved": "https://ubit-artifactory-or.intel.com/artifactory/api/npm/iml-npm-repos/lodash._getnative/-/lodash._getnative-3.9.1.tgz"
    },
    "lodash.isarguments": {
      "version": "3.0.8",
      "from": "lodash.isarguments@>=3.0.0 <4.0.0",
      "resolved": "https://ubit-artifactory-or.intel.com/artifactory/api/npm/iml-npm-repos/lodash.isarguments/-/lodash.isarguments-3.0.8.tgz"
    },
    "lodash.isarray": {
      "version": "3.0.4",
      "from": "lodash.isarray@>=3.0.0 <4.0.0",
      "resolved": "https://ubit-artifactory-or.intel.com/artifactory/api/npm/iml-npm-repos/lodash.isarray/-/lodash.isarray-3.0.4.tgz"
    },
    "lodash.isequal": {
      "version": "3.0.4",
      "from": "lodash.isequal@3.0.4",
      "resolved": "https://ubit-artifactory-or.intel.com/artifactory/api/npm/iml-npm-repos/lodash.isequal/-/lodash.isequal-3.0.4.tgz"
    },
    "lodash.istypedarray": {
      "version": "3.0.5",
      "from": "lodash.istypedarray@>=3.0.0 <4.0.0",
      "resolved": "https://ubit-artifactory-or.intel.com/artifactory/api/npm/iml-npm-repos/lodash.istypedarray/-/lodash.istypedarray-3.0.5.tgz"
    },
    "lodash.keys": {
      "version": "3.1.2",
      "from": "lodash.keys@>=3.0.0 <4.0.0",
      "resolved": "https://ubit-artifactory-or.intel.com/artifactory/api/npm/iml-npm-repos/lodash.keys/-/lodash.keys-3.1.2.tgz"
    },
    "minimatch": {
      "version": "3.0.0",
      "from": "minimatch@>=2.0.0 <3.0.0||>=3.0.0 <4.0.0",
      "resolved": "https://ubit-artifactory-or.intel.com/artifactory/api/npm/iml-npm-repos/minimatch/-/minimatch-3.0.0.tgz"
    },
    "minimist": {
      "version": "0.0.8",
      "from": "minimist@0.0.8",
      "resolved": "https://ubit-artifactory-or.intel.com/artifactory/api/npm/iml-npm-repos/minimist/-/minimist-0.0.8.tgz"
    },
    "mkdirp": {
      "version": "0.5.1",
      "from": "mkdirp@>=0.5.1 <0.6.0",
      "resolved": "https://ubit-artifactory-or.intel.com/artifactory/api/npm/iml-npm-repos/mkdirp/-/mkdirp-0.5.1.tgz"
    },
    "moment": {
      "version": "2.12.0",
      "from": "moment@>=2.10.6 <3.0.0",
      "resolved": "https://ubit-artifactory-or.intel.com/artifactory/api/npm/iml-npm-repos/moment/-/moment-2.12.0.tgz"
    },
    "mv": {
      "version": "2.1.1",
      "from": "mv@>=2.0.0 <3.0.0",
      "resolved": "https://ubit-artifactory-or.intel.com/artifactory/api/npm/iml-npm-repos/mv/-/mv-2.1.1.tgz"
    },
    "nan": {
      "version": "2.2.1",
      "from": "nan@>=2.0.8 <3.0.0",
      "resolved": "https://ubit-artifactory-or.intel.com/artifactory/api/npm/iml-npm-repos/nan/-/nan-2.2.1.tgz"
    },
    "nconf": {
      "version": "0.8.4",
      "from": "nconf@0.8.4",
      "resolved": "https://ubit-artifactory-or.intel.com/artifactory/api/npm/iml-npm-repos/nconf/-/nconf-0.8.4.tgz"
    },
    "ncp": {
      "version": "2.0.0",
      "from": "ncp@>=2.0.0 <2.1.0",
      "resolved": "https://ubit-artifactory-or.intel.com/artifactory/api/npm/iml-npm-repos/ncp/-/ncp-2.0.0.tgz"
    },
    "number-is-nan": {
      "version": "1.0.0",
      "from": "number-is-nan@>=1.0.0 <2.0.0",
      "resolved": "https://ubit-artifactory-or.intel.com/artifactory/api/npm/iml-npm-repos/number-is-nan/-/number-is-nan-1.0.0.tgz"
    },
    "once": {
      "version": "1.3.3",
      "from": "once@>=1.3.0 <2.0.0",
      "resolved": "https://ubit-artifactory-or.intel.com/artifactory/api/npm/iml-npm-repos/once/-/once-1.3.3.tgz"
    },
    "os-locale": {
      "version": "1.4.0",
      "from": "os-locale@>=1.4.0 <2.0.0",
      "resolved": "https://ubit-artifactory-or.intel.com/artifactory/api/npm/iml-npm-repos/os-locale/-/os-locale-1.4.0.tgz"
    },
    "path-is-absolute": {
      "version": "1.0.0",
      "from": "path-is-absolute@>=1.0.0 <2.0.0",
      "resolved": "https://ubit-artifactory-or.intel.com/artifactory/api/npm/iml-npm-repos/path-is-absolute/-/path-is-absolute-1.0.0.tgz"
    },
    "path-to-regexp": {
      "version": "1.0.3",
      "from": "path-to-regexp@1.0.3",
      "resolved": "https://ubit-artifactory-or.intel.com/artifactory/api/npm/iml-npm-repos/path-to-regexp/-/path-to-regexp-1.0.3.tgz"
    },
    "rimraf": {
      "version": "2.4.5",
      "from": "rimraf@>=2.4.0 <2.5.0",
      "resolved": "https://ubit-artifactory-or.intel.com/artifactory/api/npm/iml-npm-repos/rimraf/-/rimraf-2.4.5.tgz"
    },
    "safe-json-stringify": {
      "version": "1.0.3",
      "from": "safe-json-stringify@>=1.0.0 <2.0.0",
      "resolved": "https://ubit-artifactory-or.intel.com/artifactory/api/npm/iml-npm-repos/safe-json-stringify/-/safe-json-stringify-1.0.3.tgz"
    },
    "secure-keys": {
      "version": "1.0.0",
      "from": "secure-keys@>=1.0.0 <2.0.0",
      "resolved": "https://ubit-artifactory-or.intel.com/artifactory/api/npm/iml-npm-repos/secure-keys/-/secure-keys-1.0.0.tgz"
    },
    "string-width": {
      "version": "1.0.1",
      "from": "string-width@>=1.0.1 <2.0.0",
      "resolved": "https://ubit-artifactory-or.intel.com/artifactory/api/npm/iml-npm-repos/string-width/-/string-width-1.0.1.tgz"
    },
    "strip-ansi": {
      "version": "3.0.1",
      "from": "strip-ansi@>=3.0.1 <4.0.0",
      "resolved": "https://ubit-artifactory-or.intel.com/artifactory/api/npm/iml-npm-repos/strip-ansi/-/strip-ansi-3.0.1.tgz"
    },
    "util-deprecate": {
      "version": "1.0.2",
      "from": "util-deprecate@>=1.0.2 <2.0.0",
      "resolved": "https://ubit-artifactory-or.intel.com/artifactory/api/npm/iml-npm-repos/util-deprecate/-/util-deprecate-1.0.2.tgz"
    },
    "window-size": {
      "version": "0.1.4",
      "from": "window-size@>=0.1.4 <0.2.0",
      "resolved": "https://ubit-artifactory-or.intel.com/artifactory/api/npm/iml-npm-repos/window-size/-/window-size-0.1.4.tgz"
    },
    "wrap-ansi": {
      "version": "2.0.0",
      "from": "wrap-ansi@>=2.0.0 <3.0.0",
      "resolved": "https://ubit-artifactory-or.intel.com/artifactory/api/npm/iml-npm-repos/wrap-ansi/-/wrap-ansi-2.0.0.tgz"
    },
    "wrappy": {
      "version": "1.0.1",
      "from": "wrappy@>=1.0.0 <2.0.0",
      "resolved": "https://ubit-artifactory-or.intel.com/artifactory/api/npm/iml-npm-repos/wrappy/-/wrappy-1.0.1.tgz"
    },
    "y18n": {
      "version": "3.2.1",
      "from": "y18n@>=3.2.0 <4.0.0",
      "resolved": "https://ubit-artifactory-or.intel.com/artifactory/api/npm/iml-npm-repos/y18n/-/y18n-3.2.1.tgz"
    },
    "yargs": {
      "version": "3.32.0",
      "from": "yargs@>=3.19.0 <4.0.0",
      "resolved": "https://ubit-artifactory-or.intel.com/artifactory/api/npm/iml-npm-repos/yargs/-/yargs-3.32.0.tgz"
    }
  }
}
